
Microsoft Visual Studio Solution File, Format Version 12.00
# Visual Studio 15
VisualStudioVersion = 15.0.27130.2027
MinimumVisualStudioVersion = 10.0.40219.1
Project("{FAE04EC0-301F-11D3-BF4B-00C04F79EFBC}") = "ExoMediaBindings", "ExoMediaBindings\ExoMediaBindings.csproj", "{CE28D6F4-85CC-4BA5-80F7-6CBF5CDFB777}"
EndProject
Global
	GlobalSection(SolutionConfigurationPlatforms) = preSolution
		Debug|Any CPU = Debug|Any CPU
		Release|Any CPU = Release|Any CPU
	EndGlobalSection
	GlobalSection(ProjectConfigurationPlatforms) = postSolution
		{CE28D6F4-85CC-4BA5-80F7-6CBF5CDFB777}.Debug|Any CPU.ActiveCfg = Debug|Any CPU
		{CE28D6F4-85CC-4BA5-80F7-6CBF5CDFB777}.Debug|Any CPU.Build.0 = Debug|Any CPU
		{CE28D6F4-85CC-4BA5-80F7-6CBF5CDFB777}.Release|Any CPU.ActiveCfg = Release|Any CPU
		{CE28D6F4-85CC-4BA5-80F7-6CBF5CDFB777}.Release|Any CPU.Build.0 = Release|Any CPU
	EndGlobalSection
	GlobalSection(SolutionProperties) = preSolution
		HideSolutionNode = FALSE
	EndGlobalSection
	GlobalSection(ExtensibilityGlobals) = postSolution
		SolutionGuid = {B622AC17-8039-4691-896B-D294932F48EF}
	EndGlobalSection
EndGlobal
